
Microsoft Visual Studio Solution File, Format Version 12.00
# Visual Studio Version 17
VisualStudioVersion = 17.5.33414.496
MinimumVisualStudioVersion = 10.0.40219.1
Project("{FAE04EC0-301F-11D3-BF4B-00C04F79EFBC}") = "ptlab6", "ptlab6\ptlab6.csproj", "{6F6335DC-53CC-4464-994F-BFBDF2D5E4CC}"
EndProject
Global
	GlobalSection(SolutionConfigurationPlatforms) = preSolution
		Debug|Any CPU = Debug|Any CPU
		Release|Any CPU = Release|Any CPU
	EndGlobalSection
	GlobalSection(ProjectConfigurationPlatforms) = postSolution
		{6F6335DC-53CC-4464-994F-BFBDF2D5E4CC}.Debug|Any CPU.ActiveCfg = Debug|Any CPU
		{6F6335DC-53CC-4464-994F-BFBDF2D5E4CC}.Debug|Any CPU.Build.0 = Debug|Any CPU
		{6F6335DC-53CC-4464-994F-BFBDF2D5E4CC}.Release|Any CPU.ActiveCfg = Release|Any CPU
		{6F6335DC-53CC-4464-994F-BFBDF2D5E4CC}.Release|Any CPU.Build.0 = Release|Any CPU
	EndGlobalSection
	GlobalSection(SolutionProperties) = preSolution
		HideSolutionNode = FALSE
	EndGlobalSection
	GlobalSection(ExtensibilityGlobals) = postSolution
		SolutionGuid = {81207F46-80F1-4532-AF5E-4FD2D6A5136F}
	EndGlobalSection
EndGlobal
